// !$*UTF8*$!
{
	archiveVersion = 1;
	classes = {
	};
	objectVersion = 46;
	objects = {

/* Begin PBXBuildFile section */
		6FE284B91993155A00C1CD11 /* Foundation.framework in Frameworks */ = {isa = PBXBuildFile; fileRef = 6FE284B81993155A00C1CD11 /* Foundation.framework */; };
		6FE284BB1993155A00C1CD11 /* CoreGraphics.framework in Frameworks */ = {isa = PBXBuildFile; fileRef = 6FE284BA1993155A00C1CD11 /* CoreGraphics.framework */; };
		6FE284BD1993155A00C1CD11 /* UIKit.framework in Frameworks */ = {isa = PBXBuildFile; fileRef = 6FE284BC1993155A00C1CD11 /* UIKit.framework */; };
		6FE284BF1993155A00C1CD11 /* CoreData.framework in Frameworks */ = {isa = PBXBuildFile; fileRef = 6FE284BE1993155A00C1CD11 /* CoreData.framework */; };
		6FE284C51993155A00C1CD11 /* InfoPlist.strings in Resources */ = {isa = PBXBuildFile; fileRef = 6FE284C31993155A00C1CD11 /* InfoPlist.strings */; };
		6FE284C71993155A00C1CD11 /* main.m in Sources */ = {isa = PBXBuildFile; fileRef = 6FE284C61993155A00C1CD11 /* main.m */; };
		6FE284CB1993155A00C1CD11 /* WXAppDelegate.m in Sources */ = {isa = PBXBuildFile; fileRef = 6FE284CA1993155A00C1CD11 /* WXAppDelegate.m */; };
		6FE284D71993155A00C1CD11 /* XCTest.framework in Frameworks */ = {isa = PBXBuildFile; fileRef = 6FE284D61993155A00C1CD11 /* XCTest.framework */; };
		6FE284D81993155A00C1CD11 /* Foundation.framework in Frameworks */ = {isa = PBXBuildFile; fileRef = 6FE284B81993155A00C1CD11 /* Foundation.framework */; };
		6FE284D91993155A00C1CD11 /* UIKit.framework in Frameworks */ = {isa = PBXBuildFile; fileRef = 6FE284BC1993155A00C1CD11 /* UIKit.framework */; };
		6FE284DA1993155A00C1CD11 /* CoreData.framework in Frameworks */ = {isa = PBXBuildFile; fileRef = 6FE284BE1993155A00C1CD11 /* CoreData.framework */; };
		6FE284F4199316A200C1CD11 /* WXReorderTableTableViewController.m in Sources */ = {isa = PBXBuildFile; fileRef = 6FE284F3199316A200C1CD11 /* WXReorderTableTableViewController.m */; };
		6FE284F7199316F400C1CD11 /* WXTableViewController.m in Sources */ = {isa = PBXBuildFile; fileRef = 6FE284F6199316F400C1CD11 /* WXTableViewController.m */; };
		6FE284F919931B9300C1CD11 /* Storyboard.storyboard in Resources */ = {isa = PBXBuildFile; fileRef = 6FE284F819931B9300C1CD11 /* Storyboard.storyboard */; };
		6FE2853E19931DE300C1CD11 /* Images.xcassets in Resources */ = {isa = PBXBuildFile; fileRef = 6FE2853D19931DE300C1CD11 /* Images.xcassets */; };
/* End PBXBuildFile section */

/* Begin PBXContainerItemProxy section */
		6FE284DB1993155A00C1CD11 /* PBXContainerItemProxy */ = {
			isa = PBXContainerItemProxy;
			containerPortal = 6FE284AD1993155A00C1CD11 /* Project object */;
			proxyType = 1;
			remoteGlobalIDString = 6FE284B41993155A00C1CD11;
			remoteInfo = WXReorderTableViewExample;
		};
/* End PBXContainerItemProxy section */

/* Begin PBXFileReference section */
		6FE284B51993155A00C1CD11 /* WXReorderTableViewExample.app */ = {isa = PBXFileReference; explicitFileType = wrapper.application; includeInIndex = 0; path = WXReorderTableViewExample.app; sourceTree = BUILT_PRODUCTS_DIR; };
		6FE284B81993155A00C1CD11 /* Foundation.framework */ = {isa = PBXFileReference; lastKnownFileType = wrapper.framework; name = Foundation.framework; path = System/Library/Frameworks/Foundation.framework; sourceTree = SDKROOT; };
		6FE284BA1993155A00C1CD11 /* CoreGraphics.framework */ = {isa = PBXFileReference; lastKnownFileType = wrapper.framework; name = CoreGraphics.framework; path = System/Library/Frameworks/CoreGraphics.framework; sourceTree = SDKROOT; };
		6FE284BC1993155A00C1CD11 /* UIKit.framework */ = {isa = PBXFileReference; lastKnownFileType = wrapper.framework; name = UIKit.framework; path = System/Library/Frameworks/UIKit.framework; sourceTree = SDKROOT; };
		6FE284BE1993155A00C1CD11 /* CoreData.framework */ = {isa = PBXFileReference; lastKnownFileType = wrapper.framework; name = CoreData.framework; path = System/Library/Frameworks/CoreData.framework; sourceTree = SDKROOT; };
		6FE284C21993155A00C1CD11 /* WXReorderTableViewExample-Info.plist */ = {isa = PBXFileReference; lastKnownFileType = text.plist.xml; path = "WXReorderTableViewExample-Info.plist"; sourceTree = "<group>"; };
		6FE284C41993155A00C1CD11 /* en */ = {isa = PBXFileReference; lastKnownFileType = text.plist.strings; name = en; path = en.lproj/InfoPlist.strings; sourceTree = "<group>"; };
		6FE284C61993155A00C1CD11 /* main.m */ = {isa = PBXFileReference; lastKnownFileType = sourcecode.c.objc; path = main.m; sourceTree = "<group>"; };
		6FE284C81993155A00C1CD11 /* WXReorderTableViewExample-Prefix.pch */ = {isa = PBXFileReference; lastKnownFileType = sourcecode.c.h; path = "WXReorderTableViewExample-Prefix.pch"; sourceTree = "<group>"; };
		6FE284C91993155A00C1CD11 /* WXAppDelegate.h */ = {isa = PBXFileReference; lastKnownFileType = sourcecode.c.h; path = WXAppDelegate.h; sourceTree = "<group>"; };
		6FE284CA1993155A00C1CD11 /* WXAppDelegate.m */ = {isa = PBXFileReference; lastKnownFileType = sourcecode.c.objc; path = WXAppDelegate.m; sourceTree = "<group>"; };
		6FE284D51993155A00C1CD11 /* WXReorderTableViewExampleTests.xctest */ = {isa = PBXFileReference; explicitFileType = wrapper.cfbundle; includeInIndex = 0; path = WXReorderTableViewExampleTests.xctest; sourceTree = BUILT_PRODUCTS_DIR; };
		6FE284D61993155A00C1CD11 /* XCTest.framework */ = {isa = PBXFileReference; lastKnownFileType = wrapper.framework; name = XCTest.framework; path = Library/Frameworks/XCTest.framework; sourceTree = DEVELOPER_DIR; };
		6FE284F2199316A200C1CD11 /* WXReorderTableTableViewController.h */ = {isa = PBXFileReference; fileEncoding = 4; lastKnownFileType = sourcecode.c.h; path = WXReorderTableTableViewController.h; sourceTree = "<group>"; };
		6FE284F3199316A200C1CD11 /* WXReorderTableTableViewController.m */ = {isa = PBXFileReference; fileEncoding = 4; lastKnownFileType = sourcecode.c.objc; path = WXReorderTableTableViewController.m; sourceTree = "<group>"; };
		6FE284F5199316F400C1CD11 /* WXTableViewController.h */ = {isa = PBXFileReference; fileEncoding = 4; lastKnownFileType = sourcecode.c.h; path = WXTableViewController.h; sourceTree = "<group>"; };
		6FE284F6199316F400C1CD11 /* WXTableViewController.m */ = {isa = PBXFileReference; fileEncoding = 4; lastKnownFileType = sourcecode.c.objc; path = WXTableViewController.m; sourceTree = "<group>"; };
		6FE284F819931B9300C1CD11 /* Storyboard.storyboard */ = {isa = PBXFileReference; fileEncoding = 4; lastKnownFileType = file.storyboard; path = Storyboard.storyboard; sourceTree = "<group>"; };
		6FE2853D19931DE300C1CD11 /* Images.xcassets */ = {isa = PBXFileReference; lastKnownFileType = folder.assetcatalog; path = Images.xcassets; sourceTree = "<group>"; };
/* End PBXFileReference section */

/* Begin PBXFrameworksBuildPhase section */
		6FE284B21993155A00C1CD11 /* Frameworks */ = {
			isa = PBXFrameworksBuildPhase;
			buildActionMask = 2147483647;
			files = (
				6FE284BB1993155A00C1CD11 /* CoreGraphics.framework in Frameworks */,
				6FE284BF1993155A00C1CD11 /* CoreData.framework in Frameworks */,
				6FE284BD1993155A00C1CD11 /* UIKit.framework in Frameworks */,
				6FE284B91993155A00C1CD11 /* Foundation.framework in Frameworks */,
			);
			runOnlyForDeploymentPostprocessing = 0;
		};
		6FE284D21993155A00C1CD11 /* Frameworks */ = {
			isa = PBXFrameworksBuildPhase;
			buildActionMask = 2147483647;
			files = (
				6FE284D71993155A00C1CD11 /* XCTest.framework in Frameworks */,
				6FE284DA1993155A00C1CD11 /* CoreData.framework in Frameworks */,
				6FE284D91993155A00C1CD11 /* UIKit.framework in Frameworks */,
				6FE284D81993155A00C1CD11 /* Foundation.framework in Frameworks */,
			);
			runOnlyForDeploymentPostprocessing = 0;
		};
/* End PBXFrameworksBuildPhase section */

/* Begin PBXGroup section */
		6FE284AC1993155A00C1CD11 = {
			isa = PBXGroup;
			children = (
				6FE284F1199316A200C1CD11 /* WXReorderTableView */,
				6FE284C01993155A00C1CD11 /* WXReorderTableViewExample */,
				6FE284B71993155A00C1CD11 /* Frameworks */,
				6FE284B61993155A00C1CD11 /* Products */,
			);
			sourceTree = "<group>";
		};
		6FE284B61993155A00C1CD11 /* Products */ = {
			isa = PBXGroup;
			children = (
				6FE284B51993155A00C1CD11 /* WXReorderTableViewExample.app */,
				6FE284D51993155A00C1CD11 /* WXReorderTableViewExampleTests.xctest */,
			);
			name = Products;
			sourceTree = "<group>";
		};
		6FE284B71993155A00C1CD11 /* Frameworks */ = {
			isa = PBXGroup;
			children = (
				6FE284B81993155A00C1CD11 /* Foundation.framework */,
				6FE284BA1993155A00C1CD11 /* CoreGraphics.framework */,
				6FE284BC1993155A00C1CD11 /* UIKit.framework */,
				6FE284BE1993155A00C1CD11 /* CoreData.framework */,
				6FE284D61993155A00C1CD11 /* XCTest.framework */,
			);
			name = Frameworks;
			sourceTree = "<group>";
		};
		6FE284C01993155A00C1CD11 /* WXReorderTableViewExample */ = {
			isa = PBXGroup;
			children = (
				6FE284C91993155A00C1CD11 /* WXAppDelegate.h */,
				6FE284CA1993155A00C1CD11 /* WXAppDelegate.m */,
				6FE284F5199316F400C1CD11 /* WXTableViewController.h */,
				6FE284F6199316F400C1CD11 /* WXTableViewController.m */,
				6FE284F819931B9300C1CD11 /* Storyboard.storyboard */,
				6FE2853D19931DE300C1CD11 /* Images.xcassets */,
				6FE284C11993155A00C1CD11 /* Supporting Files */,
			);
			path = WXReorderTableViewExample;
			sourceTree = "<group>";
		};
		6FE284C11993155A00C1CD11 /* Supporting Files */ = {
			isa = PBXGroup;
			children = (
				6FE284C21993155A00C1CD11 /* WXReorderTableViewExample-Info.plist */,
				6FE284C31993155A00C1CD11 /* InfoPlist.strings */,
				6FE284C61993155A00C1CD11 /* main.m */,
				6FE284C81993155A00C1CD11 /* WXReorderTableViewExample-Prefix.pch */,
			);
			name = "Supporting Files";
			sourceTree = "<group>";
		};
		6FE284F1199316A200C1CD11 /* WXReorderTableView */ = {
			isa = PBXGroup;
			children = (
				6FE284F2199316A200C1CD11 /* WXReorderTableTableViewController.h */,
				6FE284F3199316A200C1CD11 /* WXReorderTableTableViewController.m */,
			);
			name = WXReorderTableView;
			path = ../WXReorderTableView;
			sourceTree = "<group>";
		};
/* End PBXGroup section */

/* Begin PBXNativeTarget section */
		6FE284B41993155A00C1CD11 /* WXReorderTableViewExample */ = {
			isa = PBXNativeTarget;
			buildConfigurationList = 6FE284E71993155A00C1CD11 /* Build configuration list for PBXNativeTarget "WXReorderTableViewExample" */;
			buildPhases = (
				6FE284B11993155A00C1CD11 /* Sources */,
				6FE284B21993155A00C1CD11 /* Frameworks */,
				6FE284B31993155A00C1CD11 /* Resources */,
			);
			buildRules = (
			);
			dependencies = (
			);
			name = WXReorderTableViewExample;
			productName = WXReorderTableViewExample;
			productReference = 6FE284B51993155A00C1CD11 /* WXReorderTableViewExample.app */;
			productType = "com.apple.product-type.application";
		};
		6FE284D41993155A00C1CD11 /* WXReorderTableViewExampleTests */ = {
			isa = PBXNativeTarget;
			buildConfigurationList = 6FE284EA1993155A00C1CD11 /* Build configuration list for PBXNativeTarget "WXReorderTableViewExampleTests" */;
			buildPhases = (
				6FE284D11993155A00C1CD11 /* Sources */,
				6FE284D21993155A00C1CD11 /* Frameworks */,
				6FE284D31993155A00C1CD11 /* Resources */,
			);
			buildRules = (
			);
			dependencies = (
				6FE284DC1993155A00C1CD11 /* PBXTargetDependency */,
			);
			name = WXReorderTableViewExampleTests;
			productName = WXReorderTableViewExampleTests;
			productReference = 6FE284D51993155A00C1CD11 /* WXReorderTableViewExampleTests.xctest */;
			productType = "com.apple.product-type.bundle.unit-test";
		};
/* End PBXNativeTarget section */

/* Begin PBXProject section */
		6FE284AD1993155A00C1CD11 /* Project object */ = {
			isa = PBXProject;
			attributes = {
				CLASSPREFIX = WX;
				LastUpgradeCheck = 0510;
				ORGANIZATIONNAME = "Charlie Wu";
				TargetAttributes = {
					6FE284D41993155A00C1CD11 = {
						TestTargetID = 6FE284B41993155A00C1CD11;
					};
				};
			};
			buildConfigurationList = 6FE284B01993155A00C1CD11 /* Build configuration list for PBXProject "WXReorderTableViewExample" */;
			compatibilityVersion = "Xcode 3.2";
			developmentRegion = English;
			hasScannedForEncodings = 0;
			knownRegions = (
				en,
			);
			mainGroup = 6FE284AC1993155A00C1CD11;
			productRefGroup = 6FE284B61993155A00C1CD11 /* Products */;
			projectDirPath = "";
			projectRoot = "";
			targets = (
				6FE284B41993155A00C1CD11 /* WXReorderTableViewExample */,
				6FE284D41993155A00C1CD11 /* WXReorderTableViewExampleTests */,
			);
		};
/* End PBXProject section */

/* Begin PBXResourcesBuildPhase section */
		6FE284B31993155A00C1CD11 /* Resources */ = {
			isa = PBXResourcesBuildPhase;
			buildActionMask = 2147483647;
			files = (
				6FE2853E19931DE300C1CD11 /* Images.xcassets in Resources */,
				6FE284C51993155A00C1CD11 /* InfoPlist.strings in Resources */,
				6FE284F919931B9300C1CD11 /* Storyboard.storyboard in Resources */,
			);
			runOnlyForDeploymentPostprocessing = 0;
		};
		6FE284D31993155A00C1CD11 /* Resources */ = {
			isa = PBXResourcesBuildPhase;
			buildActionMask = 2147483647;
			files = (
			);
			runOnlyForDeploymentPostprocessing = 0;
		};
/* End PBXResourcesBuildPhase section */

/* Begin PBXSourcesBuildPhase section */
		6FE284B11993155A00C1CD11 /* Sources */ = {
			isa = PBXSourcesBuildPhase;
			buildActionMask = 2147483647;
			files = (
				6FE284F7199316F400C1CD11 /* WXTableViewController.m in Sources */,
				6FE284C71993155A00C1CD11 /* main.m in Sources */,
				6FE284CB1993155A00C1CD11 /* WXAppDelegate.m in Sources */,
				6FE284F4199316A200C1CD11 /* WXReorderTableTableViewController.m in Sources */,
			);
			runOnlyForDeploymentPostprocessing = 0;
		};
		6FE284D11993155A00C1CD11 /* Sources */ = {
			isa = PBXSourcesBuildPhase;
			buildActionMask = 2147483647;
			files = (
			);
			runOnlyForDeploymentPostprocessing = 0;
		};
/* End PBXSourcesBuildPhase section */

/* Begin PBXTargetDependency section */
		6FE284DC1993155A00C1CD11 /* PBXTargetDependency */ = {
			isa = PBXTargetDependency;
			target = 6FE284B41993155A00C1CD11 /* WXReorderTableViewExample */;
			targetProxy = 6FE284DB1993155A00C1CD11 /* PBXContainerItemProxy */;
		};
/* End PBXTargetDependency section */

/* Begin PBXVariantGroup section */
		6FE284C31993155A00C1CD11 /* InfoPlist.strings */ = {
			isa = PBXVariantGroup;
			children = (
				6FE284C41993155A00C1CD11 /* en */,
			);
			name = InfoPlist.strings;
			sourceTree = "<group>";
		};
/* End PBXVariantGroup section */

/* Begin XCBuildConfiguration section */
		6FE284E51993155A00C1CD11 /* Debug */ = {
			isa = XCBuildConfiguration;
			buildSettings = {
				ALWAYS_SEARCH_USER_PATHS = NO;
				CLANG_CXX_LANGUAGE_STANDARD = "gnu++0x";
				CLANG_CXX_LIBRARY = "libc++";
				CLANG_ENABLE_MODULES = YES;
				CLANG_ENABLE_OBJC_ARC = YES;
				CLANG_WARN_BOOL_CONVERSION = YES;
				CLANG_WARN_CONSTANT_CONVERSION = YES;
				CLANG_WARN_DIRECT_OBJC_ISA_USAGE = YES_ERROR;
				CLANG_WARN_EMPTY_BODY = YES;
				CLANG_WARN_ENUM_CONVERSION = YES;
				CLANG_WARN_INT_CONVERSION = YES;
				CLANG_WARN_OBJC_ROOT_CLASS = YES_ERROR;
				CLANG_WARN__DUPLICATE_METHOD_MATCH = YES;
				"CODE_SIGN_IDENTITY[sdk=iphoneos*]" = "iPhone Developer";
				COPY_PHASE_STRIP = NO;
				GCC_C_LANGUAGE_STANDARD = gnu99;
				GCC_DYNAMIC_NO_PIC = NO;
				GCC_OPTIMIZATION_LEVEL = 0;
				GCC_PREPROCESSOR_DEFINITIONS = (
					"DEBUG=1",
					"$(inherited)",
				);
				GCC_SYMBOLS_PRIVATE_EXTERN = NO;
				GCC_WARN_64_TO_32_BIT_CONVERSION = YES;
				GCC_WARN_ABOUT_RETURN_TYPE = YES_ERROR;
				GCC_WARN_UNDECLARED_SELECTOR = YES;
				GCC_WARN_UNINITIALIZED_AUTOS = YES_AGGRESSIVE;
				GCC_WARN_UNUSED_FUNCTION = YES;
				GCC_WARN_UNUSED_VARIABLE = YES;
				IPHONEOS_DEPLOYMENT_TARGET = 7.1;
				ONLY_ACTIVE_ARCH = YES;
				SDKROOT = iphoneos;
			};
			name = Debug;
		};
		6FE284E61993155A00C1CD11 /* Release */ = {
			isa = XCBuildConfiguration;
			buildSettings = {
				ALWAYS_SEARCH_USER_PATHS = NO;
				CLANG_CXX_LANGUAGE_STANDARD = "gnu++0x";
				CLANG_CXX_LIBRARY = "libc++";
				CLANG_ENABLE_MODULES = YES;
				CLANG_ENABLE_OBJC_ARC = YES;
				CLANG_WARN_BOOL_CONVERSION = YES;
				CLANG_WARN_CONSTANT_CONVERSION = YES;
				CLANG_WARN_DIRECT_OBJC_ISA_USAGE = YES_ERROR;
				CLANG_WARN_EMPTY_BODY = YES;
				CLANG_WARN_ENUM_CONVERSION = YES;
				CLANG_WARN_INT_CONVERSION = YES;
				CLANG_WARN_OBJC_ROOT_CLASS = YES_ERROR;
				CLANG_WARN__DUPLICATE_METHOD_MATCH = YES;
				"CODE_SIGN_IDENTITY[sdk=iphoneos*]" = "iPhone Developer";
				COPY_PHASE_STRIP = YES;
				ENABLE_NS_ASSERTIONS = NO;
				GCC_C_LANGUAGE_STANDARD = gnu99;
				GCC_WARN_64_TO_32_BIT_CONVERSION = YES;
				GCC_WARN_ABOUT_RETURN_TYPE = YES_ERROR;
				GCC_WARN_UNDECLARED_SELECTOR = YES;
				GCC_WARN_UNINITIALIZED_AUTOS = YES_AGGRESSIVE;
				GCC_WARN_UNUSED_FUNCTION = YES;
				GCC_WARN_UNUSED_VARIABLE = YES;
				IPHONEOS_DEPLOYMENT_TARGET = 7.1;
				SDKROOT = iphoneos;
				VALIDATE_PRODUCT = YES;
			};
			name = Release;
		};
		6FE284E81993155A00C1CD11 /* Debug */ = {
			isa = XCBuildConfiguration;
			buildSettings = {
				ASSETCATALOG_COMPILER_APPICON_NAME = AppIcon;
				ASSETCATALOG_COMPILER_LAUNCHIMAGE_NAME = LaunchImage;
				GCC_PRECOMPILE_PREFIX_HEADER = YES;
				GCC_PREFIX_HEADER = "WXReorderTableViewExample/WXReorderTableViewExample-Prefix.pch";
				INFOPLIST_FILE = "WXReorderTableViewExample/WXReorderTableViewExample-Info.plist";
				PRODUCT_NAME = "$(TARGET_NAME)";
				WRAPPER_EXTENSION = app;
			};
			name = Debug;
		};
		6FE284E91993155A00C1CD11 /* Release */ = {
			isa = XCBuildConfiguration;
			buildSettings = {
				ASSETCATALOG_COMPILER_APPICON_NAME = AppIcon;
				ASSETCATALOG_COMPILER_LAUNCHIMAGE_NAME = LaunchImage;
				GCC_PRECOMPILE_PREFIX_HEADER = YES;
				GCC_PREFIX_HEADER = "WXReorderTableViewExample/WXReorderTableViewExample-Prefix.pch";
				INFOPLIST_FILE = "WXReorderTableViewExample/WXReorderTableViewExample-Info.plist";
				PRODUCT_NAME = "$(TARGET_NAME)";
				WRAPPER_EXTENSION = app;
			};
			name = Release;
		};
		6FE284EB1993155A00C1CD11 /* Debug */ = {
			isa = XCBuildConfiguration;
			buildSettings = {
				BUNDLE_LOADER = "$(BUILT_PRODUCTS_DIR)/WXReorderTableViewExample.app/WXReorderTableViewExample";
				FRAMEWORK_SEARCH_PATHS = (
					"$(SDKROOT)/Developer/Library/Frameworks",
					"$(inherited)",
					"$(DEVELOPER_FRAMEWORKS_DIR)",
				);
				GCC_PRECOMPILE_PREFIX_HEADER = YES;
				GCC_PREFIX_HEADER = "WXReorderTableViewExample/WXReorderTableViewExample-Prefix.pch";
				GCC_PREPROCESSOR_DEFINITIONS = (
					"DEBUG=1",
					"$(inherited)",
				);
				INFOPLIST_FILE = "WXReorderTableViewExampleTests/WXReorderTableViewExampleTests-Info.plist";
				PRODUCT_NAME = "$(TARGET_NAME)";
				TEST_HOST = "$(BUNDLE_LOADER)";
				WRAPPER_EXTENSION = xctest;
			};
			name = Debug;
		};
		6FE284EC1993155A00C1CD11 /* Release */ = {
			isa = XCBuildConfiguration;
			buildSettings = {
				BUNDLE_LOADER = "$(BUILT_PRODUCTS_DIR)/WXReorderTableViewExample.app/WXReorderTableViewExample";
				FRAMEWORK_SEARCH_PATHS = (
					"$(SDKROOT)/Developer/Library/Frameworks",
					"$(inherited)",
					"$(DEVELOPER_FRAMEWORKS_DIR)",
				);
				GCC_PRECOMPILE_PREFIX_HEADER = YES;
				GCC_PREFIX_HEADER = "WXReorderTableViewExample/WXReorderTableViewExample-Prefix.pch";
				INFOPLIST_FILE = "WXReorderTableViewExampleTests/WXReorderTableViewExampleTests-Info.plist";
				PRODUCT_NAME = "$(TARGET_NAME)";
				TEST_HOST = "$(BUNDLE_LOADER)";
				WRAPPER_EXTENSION = xctest;
			};
			name = Release;
		};
/* End XCBuildConfiguration section */

/* Begin XCConfigurationList section */
		6FE284B01993155A00C1CD11 /* Build configuration list for PBXProject "WXReorderTableViewExample" */ = {
			isa = XCConfigurationList;
			buildConfigurations = (
				6FE284E51993155A00C1CD11 /* Debug */,
				6FE284E61993155A00C1CD11 /* Release */,
			);
			defaultConfigurationIsVisible = 0;
			defaultConfigurationName = Release;
		};
		6FE284E71993155A00C1CD11 /* Build configuration list for PBXNativeTarget "WXReorderTableViewExample" */ = {
			isa = XCConfigurationList;
			buildConfigurations = (
				6FE284E81993155A00C1CD11 /* Debug */,
				6FE284E91993155A00C1CD11 /* Release */,
			);
			defaultConfigurationIsVisible = 0;
			defaultConfigurationName = Release;
		};
		6FE284EA1993155A00C1CD11 /* Build configuration list for PBXNativeTarget "WXReorderTableViewExampleTests" */ = {
			isa = XCConfigurationList;
			buildConfigurations = (
				6FE284EB1993155A00C1CD11 /* Debug */,
				6FE284EC1993155A00C1CD11 /* Release */,
			);
			defaultConfigurationIsVisible = 0;
			defaultConfigurationName = Release;
		};
/* End XCConfigurationList section */
	};
	rootObject = 6FE284AD1993155A00C1CD11 /* Project object */;
}
